// !$*UTF8*$!
{
	archiveVersion = 1;
	classes = {
	};
	objectVersion = 77;
	objects = {

/* Begin PBXBuildFile section */
		02A340B75329BC6DDD8940A5 /* PrecoFormatterTests.swift in Sources */ = {isa = PBXBuildFile; fileRef = 79CFF4FEBA8086288BC636BD /* PrecoFormatterTests.swift */; };
		03E51B95984D523D7EAAA61C /* SobreView.swift in Sources */ = {isa = PBXBuildFile; fileRef = 2751FADE628D8FB64338A8C7 /* SobreView.swift */; };
		113BD13A351267DC869A5595 /* Typography.swift in Sources */ = {isa = PBXBuildFile; fileRef = 67AE8CF82D30855E2393C55E /* Typography.swift */; };
		1170D71C062F2DA6A23B4770 /* OnboardingView.swift in Sources */ = {isa = PBXBuildFile; fileRef = A1E4A67F25631674FFB782BA /* OnboardingView.swift */; };
		11F6020AAC745055D10F8BB5 /* FavoritosViewModel.swift in Sources */ = {isa = PBXBuildFile; fileRef = E676794033FFE5A8485AB2AE /* FavoritosViewModel.swift */; };
		130999FE3860AC1F6418D4A3 /* ProdutoSeedData.swift in Sources */ = {isa = PBXBuildFile; fileRef = 41D0445932E5923DA4882305 /* ProdutoSeedData.swift */; };
		14974F15631C1FA8D66B52BA /* BotaoFavoritoView.swift in Sources */ = {isa = PBXBuildFile; fileRef = 0E8B6E4BE84605B08AAF6BB0 /* BotaoFavoritoView.swift */; };
		17D8C07D04897E69C25B1154 /* VitrineLargoOrdemApp.swift in Sources */ = {isa = PBXBuildFile; fileRef = EE3332F09B48B5534590C651 /* VitrineLargoOrdemApp.swift */; };
		181076F01A1B375D86F971C3 /* Preview Assets.xcassets in Resources */ = {isa = PBXBuildFile; fileRef = B7AA0D1D5A29AAD264407C03 /* Preview Assets.xcassets */; };
		1B258C1C82024CBA4CA2E7BB /* AcessibilidadeUITests.swift in Sources */ = {isa = PBXBuildFile; fileRef = 5C4391555292AE4BC0CC5419 /* AcessibilidadeUITests.swift */; };
		2357145019434C8919651B6C /* FavoritosViewModelTests.swift in Sources */ = {isa = PBXBuildFile; fileRef = 9FECCED538EC85A6AE671C37 /* FavoritosViewModelTests.swift */; };
		24AF202A4C0C7C9DCA3A3539 /* SkeletonCardView.swift in Sources */ = {isa = PBXBuildFile; fileRef = F8C77C772229D6AB020B0E73 /* SkeletonCardView.swift */; };
		250DA4CCA4CF125791E36E2C /* AppConfig.swift in Sources */ = {isa = PBXBuildFile; fileRef = BAECCC31E6DB19E8B1C5151D /* AppConfig.swift */; };
		284AAA02B3344A48B922A5E6 /* FavoritosView.swift in Sources */ = {isa = PBXBuildFile; fileRef = BE01989DA304846D82A63483 /* FavoritosView.swift */; };
		2AD8934E84C73629A2993D5D /* EnderecoFormView.swift in Sources */ = {isa = PBXBuildFile; fileRef = 2AC90ED7AF30E17FE52392C2 /* EnderecoFormView.swift */; };
		3066A7B6623AF57549469050 /* Colors.swift in Sources */ = {isa = PBXBuildFile; fileRef = 33E319E284355AAEE3634305 /* Colors.swift */; };
		35281D91DDA1F4A04FA15916 /* Spacing.swift in Sources */ = {isa = PBXBuildFile; fileRef = 1500208BBFF81BE48AA90B6C /* Spacing.swift */; };
		35DC0DD4F69E91C03FD61977 /* AuthService.swift in Sources */ = {isa = PBXBuildFile; fileRef = EFC313D2BB2DBF3ABD378F11 /* AuthService.swift */; };
		39056CFEDEEB71C12386A08F /* EnderecoFormViewModel.swift in Sources */ = {isa = PBXBuildFile; fileRef = D7FD3E43F9C59FEC6BAB1CB7 /* EnderecoFormViewModel.swift */; };
		4729DD0493D7A01961BF177B /* FavoriteRepository.swift in Sources */ = {isa = PBXBuildFile; fileRef = CE42AE922BAE12DA0D6FBFBD /* FavoriteRepository.swift */; };
		5AEBD71C7D26FDA7F190C02F /* CheckoutView.swift in Sources */ = {isa = PBXBuildFile; fileRef = D47D4CF8CADF4666C55C857B /* CheckoutView.swift */; };
		5B67721E425BFD0A29D86AB7 /* Endereco.swift in Sources */ = {isa = PBXBuildFile; fileRef = BDFE831D8D5FA97E0A454721 /* Endereco.swift */; };
		5C02B6B5D8AF6A33A8F44DBA /* OrderRepository.swift in Sources */ = {isa = PBXBuildFile; fileRef = CA63FE8AC2A62123A5AE84AA /* OrderRepository.swift */; };
		60C5A44055CDE267507639DC /* PersistenceController.swift in Sources */ = {isa = PBXBuildFile; fileRef = 7F377D3035206ECE50160821 /* PersistenceController.swift */; };
		620031458DDFFAFD1648C6E3 /* RootTabView.swift in Sources */ = {isa = PBXBuildFile; fileRef = 165163D108382D3F2DEA2283 /* RootTabView.swift */; };
		66748FEC88246E2E5A269451 /* AddressRepository.swift in Sources */ = {isa = PBXBuildFile; fileRef = 4DD2D93E4E9C0C0771BCDC5C /* AddressRepository.swift */; };
		6AE71215FEB21A30D150DD5F /* AppDependencies.swift in Sources */ = {isa = PBXBuildFile; fileRef = EA733AAF4D1F2417D5D2F633 /* AppDependencies.swift */; };
		71FE02A2CAB1A78FA233718F /* CarrinhoViewModel.swift in Sources */ = {isa = PBXBuildFile; fileRef = 53EFEF3E4EE44CB0916A26F4 /* CarrinhoViewModel.swift */; };
		72FF3469E7321752A30D3633 /* PerfilViewModel.swift in Sources */ = {isa = PBXBuildFile; fileRef = AA466C4740357B1745666D43 /* PerfilViewModel.swift */; };
		7422E10572A06D4769343AC4 /* DetalhePedidoView.swift in Sources */ = {isa = PBXBuildFile; fileRef = 654B683E34617F041F6A6153 /* DetalhePedidoView.swift */; };
		784E4D6624D36397323C43D6 /* FavoriteItem.swift in Sources */ = {isa = PBXBuildFile; fileRef = 047F91BAAF0625F26DF9C104 /* FavoriteItem.swift */; };
		89B2DE771893A5C90354985A /* VitrineViewModel.swift in Sources */ = {isa = PBXBuildFile; fileRef = A17D2DC8677D17C765FD1200 /* VitrineViewModel.swift */; };
		8E12E285A37BF57DFCCFE860 /* Assets.xcassets in Resources */ = {isa = PBXBuildFile; fileRef = 6D3D7487B5C7574B96C2FE04 /* Assets.xcassets */; };
		956B4D5B662DC5DD33E47A93 /* Usuario.swift in Sources */ = {isa = PBXBuildFile; fileRef = A495A3FAF26895863161C04B /* Usuario.swift */; };
		985626C1176F157240CF5902 /* ProdutoCardView.swift in Sources */ = {isa = PBXBuildFile; fileRef = 18FCC46CBB2744DEC436A004 /* ProdutoCardView.swift */; };
		9A366959B9C9DC5CCBB412FD /* VitrineView.swift in Sources */ = {isa = PBXBuildFile; fileRef = FD8A1CA330C16353F029B28E /* VitrineView.swift */; };
		B00C09F21F17D3D9151DB9CE /* CartRepository.swift in Sources */ = {isa = PBXBuildFile; fileRef = E2E1782250933F25089272CF /* CartRepository.swift */; };
		B10210059497024B1F3FD621 /* MockRepositories.swift in Sources */ = {isa = PBXBuildFile; fileRef = F0CF5291E5158F40F16978F4 /* MockRepositories.swift */; };
		B5866E4D7AC13A16322529ED /* ViaCEPService.swift in Sources */ = {isa = PBXBuildFile; fileRef = CE317A1A40EFA4AC18C48995 /* ViaCEPService.swift */; };
		B89DCF518C0C62B45E104838 /* CheckoutViewModel.swift in Sources */ = {isa = PBXBuildFile; fileRef = 94BBE0F884AEAB32A4698124 /* CheckoutViewModel.swift */; };
		BAA7F618CC1E9D6FCF8F4C60 /* Pedido.swift in Sources */ = {isa = PBXBuildFile; fileRef = 04AC9E2F0A6D56E7470E4D7B /* Pedido.swift */; };
		C0D342A8CCA37B62F4B89323 /* SupabaseAuthService.swift in Sources */ = {isa = PBXBuildFile; fileRef = C22540F46D5E91BA563EBD2D /* SupabaseAuthService.swift */; };
		C256433FAA9727613759974B /* TermosUsoView.swift in Sources */ = {isa = PBXBuildFile; fileRef = A136A88C61CFAFC851D8B08C /* TermosUsoView.swift */; };
		CE924FEAE5597C698EEF6D90 /* AuthGate.swift in Sources */ = {isa = PBXBuildFile; fileRef = 9C26D5A66645DC88643F8FB3 /* AuthGate.swift */; };
		D5AFE54658D90B1ECD665AD5 /* CartItem.swift in Sources */ = {isa = PBXBuildFile; fileRef = E6D6A774FA5E4C5D0B65C0FB /* CartItem.swift */; };
		DB772DE1DD23E68232308778 /* PoliticaPrivacidadeView.swift in Sources */ = {isa = PBXBuildFile; fileRef = E456667A7F656944463A375E /* PoliticaPrivacidadeView.swift */; };
		DB8DA9AF01DF2B0FD9E0BB0F /* CategoryChipsView.swift in Sources */ = {isa = PBXBuildFile; fileRef = 4C3B3EA9C4B963256A3F4DC6 /* CategoryChipsView.swift */; };
		E6CA0A8076F1B984DEAE1DB7 /* SupabaseClient.swift in Sources */ = {isa = PBXBuildFile; fileRef = 34E7E6C3123E0DC2CD507140 /* SupabaseClient.swift */; };
		E7C988064BCBDED5CC70DDFD /* LoginView.swift in Sources */ = {isa = PBXBuildFile; fileRef = 958B96CE9EAC33390321D323 /* LoginView.swift */; };
		E89B820A38B29C333A91C878 /* CartItemRowView.swift in Sources */ = {isa = PBXBuildFile; fileRef = 345201A75B84911EB3CB7D9B /* CartItemRowView.swift */; };
		EA7FE002F3AC682F48EBF184 /* CarrinhoView.swift in Sources */ = {isa = PBXBuildFile; fileRef = F032502B1F882A814CF1D292 /* CarrinhoView.swift */; };
		EBEE0D676A0A4A4DF028C2A6 /* PedidosViewModel.swift in Sources */ = {isa = PBXBuildFile; fileRef = B0930EA2C60040F545028DE8 /* PedidosViewModel.swift */; };
		EC8A066D6938E531B0145C83 /* CarrinhoViewModelTests.swift in Sources */ = {isa = PBXBuildFile; fileRef = 5F227DF40C87A43BC9474795 /* CarrinhoViewModelTests.swift */; };
		ECD764B752726E47F8DE7E1A /* DetalhesProdutoView.swift in Sources */ = {isa = PBXBuildFile; fileRef = 1F009CB6341FCD99CB4947F8 /* DetalhesProdutoView.swift */; };
		ED9F7A7B5BBA9EADC2A6C35B /* ProductRepository.swift in Sources */ = {isa = PBXBuildFile; fileRef = A58BF6ACEDA10F1E43A5CF06 /* ProductRepository.swift */; };
		EF31F1340ABE11292B6B106F /* EnderecosView.swift in Sources */ = {isa = PBXBuildFile; fileRef = 01E890C08207ECA4C08524AF /* EnderecosView.swift */; };
		F04FE21A63D22D2FA1355D87 /* AuthViewModel.swift in Sources */ = {isa = PBXBuildFile; fileRef = C6C447461F847705D4643298 /* AuthViewModel.swift */; };
		F199BDDAE0A15D0EEA4829EA /* PedidosView.swift in Sources */ = {isa = PBXBuildFile; fileRef = CCF33FB5C071A379E56C5450 /* PedidosView.swift */; };
		F2522BFF8E53FA4850EF96EA /* EnderecosViewModel.swift in Sources */ = {isa = PBXBuildFile; fileRef = FF4E3A9C36AC7C8A61107765 /* EnderecosViewModel.swift */; };
		F436343145FCE59197649FC1 /* Produto.swift in Sources */ = {isa = PBXBuildFile; fileRef = 08132098390BA20E0EE1E819 /* Produto.swift */; };
		F7E48828D2DD703F23EB4765 /* PrecoFormatter.swift in Sources */ = {isa = PBXBuildFile; fileRef = 9E479F2D345CD8DA5F10F1CA /* PrecoFormatter.swift */; };
		F9877A842EF2690AD5038E40 /* VitrineViewModelTests.swift in Sources */ = {isa = PBXBuildFile; fileRef = 2127A6C6D17A36600E47D1EC /* VitrineViewModelTests.swift */; };
		FE08C2689DBD18C941A80A13 /* PerfilView.swift in Sources */ = {isa = PBXBuildFile; fileRef = E3E5BA1A569D032307061166 /* PerfilView.swift */; };
/* End PBXBuildFile section */

/* Begin PBXContainerItemProxy section */
		C806677FA1DBBAA9605B053B /* PBXContainerItemProxy */ = {
			isa = PBXContainerItemProxy;
			containerPortal = 6DD03BB4B48199FCA0EC323F /* Project object */;
			proxyType = 1;
			remoteGlobalIDString = A2453CB1437542E900D80138;
			remoteInfo = VitrineLargoOrdem;
		};
		CC138629B03EA5341F5D817C /* PBXContainerItemProxy */ = {
			isa = PBXContainerItemProxy;
			containerPortal = 6DD03BB4B48199FCA0EC323F /* Project object */;
			proxyType = 1;
			remoteGlobalIDString = A2453CB1437542E900D80138;
			remoteInfo = VitrineLargoOrdem;
		};
/* End PBXContainerItemProxy section */

/* Begin PBXFileReference section */
		01E890C08207ECA4C08524AF /* EnderecosView.swift */ = {isa = PBXFileReference; lastKnownFileType = sourcecode.swift; path = EnderecosView.swift; sourceTree = "<group>"; };
		047F91BAAF0625F26DF9C104 /* FavoriteItem.swift */ = {isa = PBXFileReference; lastKnownFileType = sourcecode.swift; path = FavoriteItem.swift; sourceTree = "<group>"; };
		04AC9E2F0A6D56E7470E4D7B /* Pedido.swift */ = {isa = PBXFileReference; lastKnownFileType = sourcecode.swift; path = Pedido.swift; sourceTree = "<group>"; };
		08132098390BA20E0EE1E819 /* Produto.swift */ = {isa = PBXFileReference; lastKnownFileType = sourcecode.swift; path = Produto.swift; sourceTree = "<group>"; };
		0E8B6E4BE84605B08AAF6BB0 /* BotaoFavoritoView.swift */ = {isa = PBXFileReference; lastKnownFileType = sourcecode.swift; path = BotaoFavoritoView.swift; sourceTree = "<group>"; };
		1500208BBFF81BE48AA90B6C /* Spacing.swift */ = {isa = PBXFileReference; lastKnownFileType = sourcecode.swift; path = Spacing.swift; sourceTree = "<group>"; };
		165163D108382D3F2DEA2283 /* RootTabView.swift */ = {isa = PBXFileReference; lastKnownFileType = sourcecode.swift; path = RootTabView.swift; sourceTree = "<group>"; };
		18FCC46CBB2744DEC436A004 /* ProdutoCardView.swift */ = {isa = PBXFileReference; lastKnownFileType = sourcecode.swift; path = ProdutoCardView.swift; sourceTree = "<group>"; };
		1F009CB6341FCD99CB4947F8 /* DetalhesProdutoView.swift */ = {isa = PBXFileReference; lastKnownFileType = sourcecode.swift; path = DetalhesProdutoView.swift; sourceTree = "<group>"; };
		2127A6C6D17A36600E47D1EC /* VitrineViewModelTests.swift */ = {isa = PBXFileReference; lastKnownFileType = sourcecode.swift; path = VitrineViewModelTests.swift; sourceTree = "<group>"; };
		2751FADE628D8FB64338A8C7 /* SobreView.swift */ = {isa = PBXFileReference; lastKnownFileType = sourcecode.swift; path = SobreView.swift; sourceTree = "<group>"; };
		2AC90ED7AF30E17FE52392C2 /* EnderecoFormView.swift */ = {isa = PBXFileReference; lastKnownFileType = sourcecode.swift; path = EnderecoFormView.swift; sourceTree = "<group>"; };
		33E319E284355AAEE3634305 /* Colors.swift */ = {isa = PBXFileReference; lastKnownFileType = sourcecode.swift; path = Colors.swift; sourceTree = "<group>"; };
		345201A75B84911EB3CB7D9B /* CartItemRowView.swift */ = {isa = PBXFileReference; lastKnownFileType = sourcecode.swift; path = CartItemRowView.swift; sourceTree = "<group>"; };
		34E7E6C3123E0DC2CD507140 /* SupabaseClient.swift */ = {isa = PBXFileReference; lastKnownFileType = sourcecode.swift; path = SupabaseClient.swift; sourceTree = "<group>"; };
		39361A6E0C51F7C66DA59B31 /* VitrineLargoOrdemUITests.xctest */ = {isa = PBXFileReference; includeInIndex = 0; lastKnownFileType = wrapper.cfbundle; path = VitrineLargoOrdemUITests.xctest; sourceTree = BUILT_PRODUCTS_DIR; };
		41D0445932E5923DA4882305 /* ProdutoSeedData.swift */ = {isa = PBXFileReference; lastKnownFileType = sourcecode.swift; path = ProdutoSeedData.swift; sourceTree = "<group>"; };
		4C3B3EA9C4B963256A3F4DC6 /* CategoryChipsView.swift */ = {isa = PBXFileReference; lastKnownFileType = sourcecode.swift; path = CategoryChipsView.swift; sourceTree = "<group>"; };
		4DD2D93E4E9C0C0771BCDC5C /* AddressRepository.swift */ = {isa = PBXFileReference; lastKnownFileType = sourcecode.swift; path = AddressRepository.swift; sourceTree = "<group>"; };
		53EFEF3E4EE44CB0916A26F4 /* CarrinhoViewModel.swift */ = {isa = PBXFileReference; lastKnownFileType = sourcecode.swift; path = CarrinhoViewModel.swift; sourceTree = "<group>"; };
		5C4391555292AE4BC0CC5419 /* AcessibilidadeUITests.swift */ = {isa = PBXFileReference; lastKnownFileType = sourcecode.swift; path = AcessibilidadeUITests.swift; sourceTree = "<group>"; };
		5F227DF40C87A43BC9474795 /* CarrinhoViewModelTests.swift */ = {isa = PBXFileReference; lastKnownFileType = sourcecode.swift; path = CarrinhoViewModelTests.swift; sourceTree = "<group>"; };
		654B683E34617F041F6A6153 /* DetalhePedidoView.swift */ = {isa = PBXFileReference; lastKnownFileType = sourcecode.swift; path = DetalhePedidoView.swift; sourceTree = "<group>"; };
		67AE8CF82D30855E2393C55E /* Typography.swift */ = {isa = PBXFileReference; lastKnownFileType = sourcecode.swift; path = Typography.swift; sourceTree = "<group>"; };
		6D3D7487B5C7574B96C2FE04 /* Assets.xcassets */ = {isa = PBXFileReference; lastKnownFileType = folder.assetcatalog; path = Assets.xcassets; sourceTree = "<group>"; };
		79CFF4FEBA8086288BC636BD /* PrecoFormatterTests.swift */ = {isa = PBXFileReference; lastKnownFileType = sourcecode.swift; path = PrecoFormatterTests.swift; sourceTree = "<group>"; };
		7F377D3035206ECE50160821 /* PersistenceController.swift */ = {isa = PBXFileReference; lastKnownFileType = sourcecode.swift; path = PersistenceController.swift; sourceTree = "<group>"; };
		94BBE0F884AEAB32A4698124 /* CheckoutViewModel.swift */ = {isa = PBXFileReference; lastKnownFileType = sourcecode.swift; path = CheckoutViewModel.swift; sourceTree = "<group>"; };
		958B96CE9EAC33390321D323 /* LoginView.swift */ = {isa = PBXFileReference; lastKnownFileType = sourcecode.swift; path = LoginView.swift; sourceTree = "<group>"; };
		9C26D5A66645DC88643F8FB3 /* AuthGate.swift */ = {isa = PBXFileReference; lastKnownFileType = sourcecode.swift; path = AuthGate.swift; sourceTree = "<group>"; };
		9E479F2D345CD8DA5F10F1CA /* PrecoFormatter.swift */ = {isa = PBXFileReference; lastKnownFileType = sourcecode.swift; path = PrecoFormatter.swift; sourceTree = "<group>"; };
		9FECCED538EC85A6AE671C37 /* FavoritosViewModelTests.swift */ = {isa = PBXFileReference; lastKnownFileType = sourcecode.swift; path = FavoritosViewModelTests.swift; sourceTree = "<group>"; };
		A136A88C61CFAFC851D8B08C /* TermosUsoView.swift */ = {isa = PBXFileReference; lastKnownFileType = sourcecode.swift; path = TermosUsoView.swift; sourceTree = "<group>"; };
		A17D2DC8677D17C765FD1200 /* VitrineViewModel.swift */ = {isa = PBXFileReference; lastKnownFileType = sourcecode.swift; path = VitrineViewModel.swift; sourceTree = "<group>"; };
		A1E4A67F25631674FFB782BA /* OnboardingView.swift */ = {isa = PBXFileReference; lastKnownFileType = sourcecode.swift; path = OnboardingView.swift; sourceTree = "<group>"; };
		A495A3FAF26895863161C04B /* Usuario.swift */ = {isa = PBXFileReference; lastKnownFileType = sourcecode.swift; path = Usuario.swift; sourceTree = "<group>"; };
		A58BF6ACEDA10F1E43A5CF06 /* ProductRepository.swift */ = {isa = PBXFileReference; lastKnownFileType = sourcecode.swift; path = ProductRepository.swift; sourceTree = "<group>"; };
		AA466C4740357B1745666D43 /* PerfilViewModel.swift */ = {isa = PBXFileReference; lastKnownFileType = sourcecode.swift; path = PerfilViewModel.swift; sourceTree = "<group>"; };
		B0930EA2C60040F545028DE8 /* PedidosViewModel.swift */ = {isa = PBXFileReference; lastKnownFileType = sourcecode.swift; path = PedidosViewModel.swift; sourceTree = "<group>"; };
		B7AA0D1D5A29AAD264407C03 /* Preview Assets.xcassets */ = {isa = PBXFileReference; lastKnownFileType = folder.assetcatalog; path = "Preview Assets.xcassets"; sourceTree = "<group>"; };
		BAECCC31E6DB19E8B1C5151D /* AppConfig.swift */ = {isa = PBXFileReference; lastKnownFileType = sourcecode.swift; path = AppConfig.swift; sourceTree = "<group>"; };
		BDFE831D8D5FA97E0A454721 /* Endereco.swift */ = {isa = PBXFileReference; lastKnownFileType = sourcecode.swift; path = Endereco.swift; sourceTree = "<group>"; };
		BE01989DA304846D82A63483 /* FavoritosView.swift */ = {isa = PBXFileReference; lastKnownFileType = sourcecode.swift; path = FavoritosView.swift; sourceTree = "<group>"; };
		C22540F46D5E91BA563EBD2D /* SupabaseAuthService.swift */ = {isa = PBXFileReference; lastKnownFileType = sourcecode.swift; path = SupabaseAuthService.swift; sourceTree = "<group>"; };
		C6C447461F847705D4643298 /* AuthViewModel.swift */ = {isa = PBXFileReference; lastKnownFileType = sourcecode.swift; path = AuthViewModel.swift; sourceTree = "<group>"; };
		CA63FE8AC2A62123A5AE84AA /* OrderRepository.swift */ = {isa = PBXFileReference; lastKnownFileType = sourcecode.swift; path = OrderRepository.swift; sourceTree = "<group>"; };
		CCF33FB5C071A379E56C5450 /* PedidosView.swift */ = {isa = PBXFileReference; lastKnownFileType = sourcecode.swift; path = PedidosView.swift; sourceTree = "<group>"; };
		CE317A1A40EFA4AC18C48995 /* ViaCEPService.swift */ = {isa = PBXFileReference; lastKnownFileType = sourcecode.swift; path = ViaCEPService.swift; sourceTree = "<group>"; };
		CE42AE922BAE12DA0D6FBFBD /* FavoriteRepository.swift */ = {isa = PBXFileReference; lastKnownFileType = sourcecode.swift; path = FavoriteRepository.swift; sourceTree = "<group>"; };
		D47D4CF8CADF4666C55C857B /* CheckoutView.swift */ = {isa = PBXFileReference; lastKnownFileType = sourcecode.swift; path = CheckoutView.swift; sourceTree = "<group>"; };
		D7FD3E43F9C59FEC6BAB1CB7 /* EnderecoFormViewModel.swift */ = {isa = PBXFileReference; lastKnownFileType = sourcecode.swift; path = EnderecoFormViewModel.swift; sourceTree = "<group>"; };
		DAF7A06336E3C0E94CA4BBB9 /* VitrineLargoOrdem.app */ = {isa = PBXFileReference; includeInIndex = 0; lastKnownFileType = wrapper.application; path = VitrineLargoOrdem.app; sourceTree = BUILT_PRODUCTS_DIR; };
		DC8C23345080A05EC7126BA1 /* VitrineLargoOrdemTests.xctest */ = {isa = PBXFileReference; includeInIndex = 0; lastKnownFileType = wrapper.cfbundle; path = VitrineLargoOrdemTests.xctest; sourceTree = BUILT_PRODUCTS_DIR; };
		E2E1782250933F25089272CF /* CartRepository.swift */ = {isa = PBXFileReference; lastKnownFileType = sourcecode.swift; path = CartRepository.swift; sourceTree = "<group>"; };
		E3E5BA1A569D032307061166 /* PerfilView.swift */ = {isa = PBXFileReference; lastKnownFileType = sourcecode.swift; path = PerfilView.swift; sourceTree = "<group>"; };
		E456667A7F656944463A375E /* PoliticaPrivacidadeView.swift */ = {isa = PBXFileReference; lastKnownFileType = sourcecode.swift; path = PoliticaPrivacidadeView.swift; sourceTree = "<group>"; };
		E676794033FFE5A8485AB2AE /* FavoritosViewModel.swift */ = {isa = PBXFileReference; lastKnownFileType = sourcecode.swift; path = FavoritosViewModel.swift; sourceTree = "<group>"; };
		E6D6A774FA5E4C5D0B65C0FB /* CartItem.swift */ = {isa = PBXFileReference; lastKnownFileType = sourcecode.swift; path = CartItem.swift; sourceTree = "<group>"; };
		EA733AAF4D1F2417D5D2F633 /* AppDependencies.swift */ = {isa = PBXFileReference; lastKnownFileType = sourcecode.swift; path = AppDependencies.swift; sourceTree = "<group>"; };
		EE3332F09B48B5534590C651 /* VitrineLargoOrdemApp.swift */ = {isa = PBXFileReference; lastKnownFileType = sourcecode.swift; path = VitrineLargoOrdemApp.swift; sourceTree = "<group>"; };
		EFC313D2BB2DBF3ABD378F11 /* AuthService.swift */ = {isa = PBXFileReference; lastKnownFileType = sourcecode.swift; path = AuthService.swift; sourceTree = "<group>"; };
		F032502B1F882A814CF1D292 /* CarrinhoView.swift */ = {isa = PBXFileReference; lastKnownFileType = sourcecode.swift; path = CarrinhoView.swift; sourceTree = "<group>"; };
		F0CF5291E5158F40F16978F4 /* MockRepositories.swift */ = {isa = PBXFileReference; lastKnownFileType = sourcecode.swift; path = MockRepositories.swift; sourceTree = "<group>"; };
		F28C9233CC9A73B431CE9810 /* Info.plist */ = {isa = PBXFileReference; lastKnownFileType = text.plist; path = Info.plist; sourceTree = "<group>"; };
		F8C77C772229D6AB020B0E73 /* SkeletonCardView.swift */ = {isa = PBXFileReference; lastKnownFileType = sourcecode.swift; path = SkeletonCardView.swift; sourceTree = "<group>"; };
		FD8A1CA330C16353F029B28E /* VitrineView.swift */ = {isa = PBXFileReference; lastKnownFileType = sourcecode.swift; path = VitrineView.swift; sourceTree = "<group>"; };
		FF4E3A9C36AC7C8A61107765 /* EnderecosViewModel.swift */ = {isa = PBXFileReference; lastKnownFileType = sourcecode.swift; path = EnderecosViewModel.swift; sourceTree = "<group>"; };
/* End PBXFileReference section */

/* Begin PBXGroup section */
		065A4DC17B4CDB9AF42234A8 /* Formatters */ = {
			isa = PBXGroup;
			children = (
				9E479F2D345CD8DA5F10F1CA /* PrecoFormatter.swift */,
			);
			path = Formatters;
			sourceTree = "<group>";
		};
		0F38B6A924A14AA0B3B23177 /* Products */ = {
			isa = PBXGroup;
			children = (
				DAF7A06336E3C0E94CA4BBB9 /* VitrineLargoOrdem.app */,
				DC8C23345080A05EC7126BA1 /* VitrineLargoOrdemTests.xctest */,
				39361A6E0C51F7C66DA59B31 /* VitrineLargoOrdemUITests.xctest */,
			);
			name = Products;
			sourceTree = "<group>";
		};
		20B091FCC21C04BA1CCE5554 /* Core */ = {
			isa = PBXGroup;
			children = (
				065A4DC17B4CDB9AF42234A8 /* Formatters */,
				F2F0B435B2E77C5CED924BA3 /* Persistence */,
				7E047B82571D1E98EA0550E2 /* Repositories */,
				DDB4C5B264F98C92AD4AE948 /* Services */,
				AED59AFD2E20F120F8B5C133 /* Supabase */,
			);
			path = Core;
			sourceTree = "<group>";
		};
		24A00E9337D02415000BDEFC /* Data */ = {
			isa = PBXGroup;
			children = (
				41D0445932E5923DA4882305 /* ProdutoSeedData.swift */,
			);
			path = Data;
			sourceTree = "<group>";
		};
		2A73231C9A18C5F9DE45F0C0 /* App */ = {
			isa = PBXGroup;
			children = (
				EA733AAF4D1F2417D5D2F633 /* AppDependencies.swift */,
				9C26D5A66645DC88643F8FB3 /* AuthGate.swift */,
				165163D108382D3F2DEA2283 /* RootTabView.swift */,
				EE3332F09B48B5534590C651 /* VitrineLargoOrdemApp.swift */,
			);
			path = App;
			sourceTree = "<group>";
		};
		399ED3F76723E0F5D760E9FB /* Pedidos */ = {
			isa = PBXGroup;
			children = (
				BF1134145866AF8324E1A440 /* Models */,
				AD21047D9269104A1B936717 /* ViewModels */,
				593EE08D4098C280778D06C2 /* Views */,
			);
			path = Pedidos;
			sourceTree = "<group>";
		};
		4017DE9F816B9D69DA37A84E /* Carrinho */ = {
			isa = PBXGroup;
			children = (
				E1B9072E7233B1D69F5CB025 /* Models */,
				DCE2231C6BC8E439CB59555E /* ViewModels */,
				E5663EACE45A1A1013AD38E5 /* Views */,
			);
			path = Carrinho;
			sourceTree = "<group>";
		};
		4200DC29D7BB07AD1871270D /* Views */ = {
			isa = PBXGroup;
			children = (
				D47D4CF8CADF4666C55C857B /* CheckoutView.swift */,
			);
			path = Views;
			sourceTree = "<group>";
		};
		4449068378CFDC403D40F7A2 /* Tokens */ = {
			isa = PBXGroup;
			children = (
				33E319E284355AAEE3634305 /* Colors.swift */,
				1500208BBFF81BE48AA90B6C /* Spacing.swift */,
				67AE8CF82D30855E2393C55E /* Typography.swift */,
			);
			path = Tokens;
			sourceTree = "<group>";
		};
		4E30A6C9F6F0B52409ADCBE9 /* Features */ = {
			isa = PBXGroup;
			children = (
				4017DE9F816B9D69DA37A84E /* Carrinho */,
				797C9DABB65D7CC8AD086909 /* Checkout */,
				A5E95871448BB45A52124817 /* Favoritos */,
				D6A28A3737C5A91FC5C66B84 /* Identidade */,
				DAA53AF2FD0B1A713A4F56EF /* Onboarding */,
				399ED3F76723E0F5D760E9FB /* Pedidos */,
				9EF088C6E32FF4D1F302B4EC /* Sobre */,
				64DA1F52BD11D90157AED45F /* Vitrine */,
			);
			path = Features;
			sourceTree = "<group>";
		};
		50BEB703B35AB76DABC5CD59 /* Views */ = {
			isa = PBXGroup;
			children = (
				2AC90ED7AF30E17FE52392C2 /* EnderecoFormView.swift */,
				01E890C08207ECA4C08524AF /* EnderecosView.swift */,
				958B96CE9EAC33390321D323 /* LoginView.swift */,
				E3E5BA1A569D032307061166 /* PerfilView.swift */,
			);
			path = Views;
			sourceTree = "<group>";
		};
		52313E8E694609D7F26BFC8F /* Views */ = {
			isa = PBXGroup;
			children = (
				A1E4A67F25631674FFB782BA /* OnboardingView.swift */,
			);
			path = Views;
			sourceTree = "<group>";
		};
		549DB0B219745A3D18A6C135 /* VitrineLargoOrdemUITests */ = {
			isa = PBXGroup;
			children = (
				5C4391555292AE4BC0CC5419 /* AcessibilidadeUITests.swift */,
			);
			path = VitrineLargoOrdemUITests;
			sourceTree = "<group>";
		};
		593EE08D4098C280778D06C2 /* Views */ = {
			isa = PBXGroup;
			children = (
				654B683E34617F041F6A6153 /* DetalhePedidoView.swift */,
				CCF33FB5C071A379E56C5450 /* PedidosView.swift */,
			);
			path = Views;
			sourceTree = "<group>";
		};
		5F97983C5F3157060195CAFE /* ViewModels */ = {
			isa = PBXGroup;
			children = (
				94BBE0F884AEAB32A4698124 /* CheckoutViewModel.swift */,
			);
			path = ViewModels;
			sourceTree = "<group>";
		};
		64DA1F52BD11D90157AED45F /* Vitrine */ = {
			isa = PBXGroup;
			children = (
				24A00E9337D02415000BDEFC /* Data */,
				743A815B01E0E9AEE8CE3220 /* Models */,
				D0CAB1476CF5BA334E2CE475 /* ViewModels */,
				D6C96F08C764DF6966934A4C /* Views */,
			);
			path = Vitrine;
			sourceTree = "<group>";
		};
		670B721BF9EFA0677DE5BB7C /* Services */ = {
			isa = PBXGroup;
			children = (
				EFC313D2BB2DBF3ABD378F11 /* AuthService.swift */,
				C22540F46D5E91BA563EBD2D /* SupabaseAuthService.swift */,
			);
			path = Services;
			sourceTree = "<group>";
		};
		6E65B294FF209D9432840B5C = {
			isa = PBXGroup;
			children = (
				8FD504CCFA13EFA3CF360586 /* VitrineLargoOrdem */,
				D01BBAF25C9418CD208FF112 /* VitrineLargoOrdemTests */,
				549DB0B219745A3D18A6C135 /* VitrineLargoOrdemUITests */,
				0F38B6A924A14AA0B3B23177 /* Products */,
			);
			sourceTree = "<group>";
		};
		743A815B01E0E9AEE8CE3220 /* Models */ = {
			isa = PBXGroup;
			children = (
				047F91BAAF0625F26DF9C104 /* FavoriteItem.swift */,
				08132098390BA20E0EE1E819 /* Produto.swift */,
			);
			path = Models;
			sourceTree = "<group>";
		};
		797C9DABB65D7CC8AD086909 /* Checkout */ = {
			isa = PBXGroup;
			children = (
				5F97983C5F3157060195CAFE /* ViewModels */,
				4200DC29D7BB07AD1871270D /* Views */,
			);
			path = Checkout;
			sourceTree = "<group>";
		};
		7E047B82571D1E98EA0550E2 /* Repositories */ = {
			isa = PBXGroup;
			children = (
				4DD2D93E4E9C0C0771BCDC5C /* AddressRepository.swift */,
				E2E1782250933F25089272CF /* CartRepository.swift */,
				CE42AE922BAE12DA0D6FBFBD /* FavoriteRepository.swift */,
				CA63FE8AC2A62123A5AE84AA /* OrderRepository.swift */,
				A58BF6ACEDA10F1E43A5CF06 /* ProductRepository.swift */,
			);
			path = Repositories;
			sourceTree = "<group>";
		};
		8DD936692D3E740E9DF56EEA /* ViewModels */ = {
			isa = PBXGroup;
			children = (
				C6C447461F847705D4643298 /* AuthViewModel.swift */,
				D7FD3E43F9C59FEC6BAB1CB7 /* EnderecoFormViewModel.swift */,
				FF4E3A9C36AC7C8A61107765 /* EnderecosViewModel.swift */,
				AA466C4740357B1745666D43 /* PerfilViewModel.swift */,
			);
			path = ViewModels;
			sourceTree = "<group>";
		};
		8FD504CCFA13EFA3CF360586 /* VitrineLargoOrdem */ = {
			isa = PBXGroup;
			children = (
				6D3D7487B5C7574B96C2FE04 /* Assets.xcassets */,
				F28C9233CC9A73B431CE9810 /* Info.plist */,
				2A73231C9A18C5F9DE45F0C0 /* App */,
				20B091FCC21C04BA1CCE5554 /* Core */,
				B41B67E0C2EA097A263DCA88 /* DesignSystem */,
				4E30A6C9F6F0B52409ADCBE9 /* Features */,
				AB958AF07E1604026D4068E0 /* Preview Content */,
			);
			path = VitrineLargoOrdem;
			sourceTree = "<group>";
		};
		91BCE8B81129FCAE85EC8AED /* Models */ = {
			isa = PBXGroup;
			children = (
				BDFE831D8D5FA97E0A454721 /* Endereco.swift */,
				A495A3FAF26895863161C04B /* Usuario.swift */,
			);
			path = Models;
			sourceTree = "<group>";
		};
		9EF088C6E32FF4D1F302B4EC /* Sobre */ = {
			isa = PBXGroup;
			children = (
				B0DAE2B0EB3279216942F2AA /* Views */,
			);
			path = Sobre;
			sourceTree = "<group>";
		};
		A5E95871448BB45A52124817 /* Favoritos */ = {
			isa = PBXGroup;
			children = (
				BD38031612D5B0C84F0F148C /* ViewModels */,
				C673FA11D2734F984409862E /* Views */,
			);
			path = Favoritos;
			sourceTree = "<group>";
		};
		AB958AF07E1604026D4068E0 /* Preview Content */ = {
			isa = PBXGroup;
			children = (
				B7AA0D1D5A29AAD264407C03 /* Preview Assets.xcassets */,
			);
			path = "Preview Content";
			sourceTree = "<group>";
		};
		AD21047D9269104A1B936717 /* ViewModels */ = {
			isa = PBXGroup;
			children = (
				B0930EA2C60040F545028DE8 /* PedidosViewModel.swift */,
			);
			path = ViewModels;
			sourceTree = "<group>";
		};
		AED59AFD2E20F120F8B5C133 /* Supabase */ = {
			isa = PBXGroup;
			children = (
				BAECCC31E6DB19E8B1C5151D /* AppConfig.swift */,
				34E7E6C3123E0DC2CD507140 /* SupabaseClient.swift */,
			);
			path = Supabase;
			sourceTree = "<group>";
		};
		B0DAE2B0EB3279216942F2AA /* Views */ = {
			isa = PBXGroup;
			children = (
				E456667A7F656944463A375E /* PoliticaPrivacidadeView.swift */,
				2751FADE628D8FB64338A8C7 /* SobreView.swift */,
				A136A88C61CFAFC851D8B08C /* TermosUsoView.swift */,
			);
			path = Views;
			sourceTree = "<group>";
		};
		B41B67E0C2EA097A263DCA88 /* DesignSystem */ = {
			isa = PBXGroup;
			children = (
				B89D31E10160F128EF0BBCB3 /* Components */,
				4449068378CFDC403D40F7A2 /* Tokens */,
			);
			path = DesignSystem;
			sourceTree = "<group>";
		};
		B89D31E10160F128EF0BBCB3 /* Components */ = {
			isa = PBXGroup;
			children = (
				4C3B3EA9C4B963256A3F4DC6 /* CategoryChipsView.swift */,
				F8C77C772229D6AB020B0E73 /* SkeletonCardView.swift */,
			);
			path = Components;
			sourceTree = "<group>";
		};
		BD38031612D5B0C84F0F148C /* ViewModels */ = {
			isa = PBXGroup;
			children = (
				E676794033FFE5A8485AB2AE /* FavoritosViewModel.swift */,
			);
			path = ViewModels;
			sourceTree = "<group>";
		};
		BF1134145866AF8324E1A440 /* Models */ = {
			isa = PBXGroup;
			children = (
				04AC9E2F0A6D56E7470E4D7B /* Pedido.swift */,
			);
			path = Models;
			sourceTree = "<group>";
		};
		C673FA11D2734F984409862E /* Views */ = {
			isa = PBXGroup;
			children = (
				BE01989DA304846D82A63483 /* FavoritosView.swift */,
			);
			path = Views;
			sourceTree = "<group>";
		};
		D01BBAF25C9418CD208FF112 /* VitrineLargoOrdemTests */ = {
			isa = PBXGroup;
			children = (
				5F227DF40C87A43BC9474795 /* CarrinhoViewModelTests.swift */,
				9FECCED538EC85A6AE671C37 /* FavoritosViewModelTests.swift */,
				79CFF4FEBA8086288BC636BD /* PrecoFormatterTests.swift */,
				2127A6C6D17A36600E47D1EC /* VitrineViewModelTests.swift */,
				DBC9C270C2B0DFECF52780CA /* Mocks */,
			);
			path = VitrineLargoOrdemTests;
			sourceTree = "<group>";
		};
		D0CAB1476CF5BA334E2CE475 /* ViewModels */ = {
			isa = PBXGroup;
			children = (
				A17D2DC8677D17C765FD1200 /* VitrineViewModel.swift */,
			);
			path = ViewModels;
			sourceTree = "<group>";
		};
		D6A28A3737C5A91FC5C66B84 /* Identidade */ = {
			isa = PBXGroup;
			children = (
				91BCE8B81129FCAE85EC8AED /* Models */,
				670B721BF9EFA0677DE5BB7C /* Services */,
				8DD936692D3E740E9DF56EEA /* ViewModels */,
				50BEB703B35AB76DABC5CD59 /* Views */,
			);
			path = Identidade;
			sourceTree = "<group>";
		};
		D6C96F08C764DF6966934A4C /* Views */ = {
			isa = PBXGroup;
			children = (
				0E8B6E4BE84605B08AAF6BB0 /* BotaoFavoritoView.swift */,
				1F009CB6341FCD99CB4947F8 /* DetalhesProdutoView.swift */,
				18FCC46CBB2744DEC436A004 /* ProdutoCardView.swift */,
				FD8A1CA330C16353F029B28E /* VitrineView.swift */,
			);
			path = Views;
			sourceTree = "<group>";
		};
		DAA53AF2FD0B1A713A4F56EF /* Onboarding */ = {
			isa = PBXGroup;
			children = (
				52313E8E694609D7F26BFC8F /* Views */,
			);
			path = Onboarding;
			sourceTree = "<group>";
		};
		DBC9C270C2B0DFECF52780CA /* Mocks */ = {
			isa = PBXGroup;
			children = (
				F0CF5291E5158F40F16978F4 /* MockRepositories.swift */,
			);
			path = Mocks;
			sourceTree = "<group>";
		};
		DCE2231C6BC8E439CB59555E /* ViewModels */ = {
			isa = PBXGroup;
			children = (
				53EFEF3E4EE44CB0916A26F4 /* CarrinhoViewModel.swift */,
			);
			path = ViewModels;
			sourceTree = "<group>";
		};
		DDB4C5B264F98C92AD4AE948 /* Services */ = {
			isa = PBXGroup;
			children = (
				CE317A1A40EFA4AC18C48995 /* ViaCEPService.swift */,
			);
			path = Services;
			sourceTree = "<group>";
		};
		E1B9072E7233B1D69F5CB025 /* Models */ = {
			isa = PBXGroup;
			children = (
				E6D6A774FA5E4C5D0B65C0FB /* CartItem.swift */,
			);
			path = Models;
			sourceTree = "<group>";
		};
		E5663EACE45A1A1013AD38E5 /* Views */ = {
			isa = PBXGroup;
			children = (
				F032502B1F882A814CF1D292 /* CarrinhoView.swift */,
				345201A75B84911EB3CB7D9B /* CartItemRowView.swift */,
			);
			path = Views;
			sourceTree = "<group>";
		};
		F2F0B435B2E77C5CED924BA3 /* Persistence */ = {
			isa = PBXGroup;
			children = (
				7F377D3035206ECE50160821 /* PersistenceController.swift */,
			);
			path = Persistence;
			sourceTree = "<group>";
		};
/* End PBXGroup section */

/* Begin PBXNativeTarget section */
		A2453CB1437542E900D80138 /* VitrineLargoOrdem */ = {
			isa = PBXNativeTarget;
			buildConfigurationList = AE28E96E12A577686367A698 /* Build configuration list for PBXNativeTarget "VitrineLargoOrdem" */;
			buildPhases = (
				F183016BC94EE5806A1F1175 /* Sources */,
				35C4207A3959D8DD395D62DD /* Resources */,
			);
			buildRules = (
			);
			dependencies = (
			);
			name = VitrineLargoOrdem;
			packageProductDependencies = (
			);
			productName = VitrineLargoOrdem;
			productReference = DAF7A06336E3C0E94CA4BBB9 /* VitrineLargoOrdem.app */;
			productType = "com.apple.product-type.application";
		};
		BF4CC3D74C13DE26A531B032 /* VitrineLargoOrdemUITests */ = {
			isa = PBXNativeTarget;
			buildConfigurationList = 43A04048CDFE606EA52AF248 /* Build configuration list for PBXNativeTarget "VitrineLargoOrdemUITests" */;
			buildPhases = (
				935D8944C15BFCA9C1ACEF77 /* Sources */,
			);
			buildRules = (
			);
			dependencies = (
				18817D990242364499D3607D /* PBXTargetDependency */,
			);
			name = VitrineLargoOrdemUITests;
			packageProductDependencies = (
			);
			productName = VitrineLargoOrdemUITests;
			productReference = 39361A6E0C51F7C66DA59B31 /* VitrineLargoOrdemUITests.xctest */;
			productType = "com.apple.product-type.bundle.ui-testing";
		};
		D8C867A53A239CB857A184EE /* VitrineLargoOrdemTests */ = {
			isa = PBXNativeTarget;
			buildConfigurationList = 27AE5CCE9BC7726A9B4ED976 /* Build configuration list for PBXNativeTarget "VitrineLargoOrdemTests" */;
			buildPhases = (
				681256931D675E103BA94043 /* Sources */,
			);
			buildRules = (
			);
			dependencies = (
				1B996398AE985A8E745E9F7D /* PBXTargetDependency */,
			);
			name = VitrineLargoOrdemTests;
			packageProductDependencies = (
			);
			productName = VitrineLargoOrdemTests;
			productReference = DC8C23345080A05EC7126BA1 /* VitrineLargoOrdemTests.xctest */;
			productType = "com.apple.product-type.bundle.unit-test";
		};
/* End PBXNativeTarget section */

/* Begin PBXProject section */
		6DD03BB4B48199FCA0EC323F /* Project object */ = {
			isa = PBXProject;
			attributes = {
				BuildIndependentTargetsInParallel = YES;
				LastUpgradeCheck = 1430;
				TargetAttributes = {
					BF4CC3D74C13DE26A531B032 = {
						TestTargetID = A2453CB1437542E900D80138;
					};
				};
			};
			buildConfigurationList = 06F3184B18A00ACCAA415B15 /* Build configuration list for PBXProject "VitrineLargoOrdem" */;
			developmentRegion = en;
			hasScannedForEncodings = 0;
			knownRegions = (
				Base,
				en,
			);
			mainGroup = 6E65B294FF209D9432840B5C;
			minimizedProjectReferenceProxies = 1;
			preferredProjectObjectVersion = 77;
			productRefGroup = 0F38B6A924A14AA0B3B23177 /* Products */;
			projectDirPath = "";
			projectRoot = "";
			targets = (
				A2453CB1437542E900D80138 /* VitrineLargoOrdem */,
				D8C867A53A239CB857A184EE /* VitrineLargoOrdemTests */,
				BF4CC3D74C13DE26A531B032 /* VitrineLargoOrdemUITests */,
			);
		};
/* End PBXProject section */

/* Begin PBXResourcesBuildPhase section */
		35C4207A3959D8DD395D62DD /* Resources */ = {
			isa = PBXResourcesBuildPhase;
			buildActionMask = 2147483647;
			files = (
				8E12E285A37BF57DFCCFE860 /* Assets.xcassets in Resources */,
				181076F01A1B375D86F971C3 /* Preview Assets.xcassets in Resources */,
			);
			runOnlyForDeploymentPostprocessing = 0;
		};
/* End PBXResourcesBuildPhase section */

/* Begin PBXSourcesBuildPhase section */
		681256931D675E103BA94043 /* Sources */ = {
			isa = PBXSourcesBuildPhase;
			buildActionMask = 2147483647;
			files = (
				EC8A066D6938E531B0145C83 /* CarrinhoViewModelTests.swift in Sources */,
				2357145019434C8919651B6C /* FavoritosViewModelTests.swift in Sources */,
				B10210059497024B1F3FD621 /* MockRepositories.swift in Sources */,
				02A340B75329BC6DDD8940A5 /* PrecoFormatterTests.swift in Sources */,
				F9877A842EF2690AD5038E40 /* VitrineViewModelTests.swift in Sources */,
			);
			runOnlyForDeploymentPostprocessing = 0;
		};
		935D8944C15BFCA9C1ACEF77 /* Sources */ = {
			isa = PBXSourcesBuildPhase;
			buildActionMask = 2147483647;
			files = (
				1B258C1C82024CBA4CA2E7BB /* AcessibilidadeUITests.swift in Sources */,
			);
			runOnlyForDeploymentPostprocessing = 0;
		};
		F183016BC94EE5806A1F1175 /* Sources */ = {
			isa = PBXSourcesBuildPhase;
			buildActionMask = 2147483647;
			files = (
				66748FEC88246E2E5A269451 /* AddressRepository.swift in Sources */,
				250DA4CCA4CF125791E36E2C /* AppConfig.swift in Sources */,
				6AE71215FEB21A30D150DD5F /* AppDependencies.swift in Sources */,
				CE924FEAE5597C698EEF6D90 /* AuthGate.swift in Sources */,
				35DC0DD4F69E91C03FD61977 /* AuthService.swift in Sources */,
				F04FE21A63D22D2FA1355D87 /* AuthViewModel.swift in Sources */,
				14974F15631C1FA8D66B52BA /* BotaoFavoritoView.swift in Sources */,
				EA7FE002F3AC682F48EBF184 /* CarrinhoView.swift in Sources */,
				71FE02A2CAB1A78FA233718F /* CarrinhoViewModel.swift in Sources */,
				D5AFE54658D90B1ECD665AD5 /* CartItem.swift in Sources */,
				E89B820A38B29C333A91C878 /* CartItemRowView.swift in Sources */,
				B00C09F21F17D3D9151DB9CE /* CartRepository.swift in Sources */,
				DB8DA9AF01DF2B0FD9E0BB0F /* CategoryChipsView.swift in Sources */,
				5AEBD71C7D26FDA7F190C02F /* CheckoutView.swift in Sources */,
				B89DCF518C0C62B45E104838 /* CheckoutViewModel.swift in Sources */,
				3066A7B6623AF57549469050 /* Colors.swift in Sources */,
				7422E10572A06D4769343AC4 /* DetalhePedidoView.swift in Sources */,
				ECD764B752726E47F8DE7E1A /* DetalhesProdutoView.swift in Sources */,
				5B67721E425BFD0A29D86AB7 /* Endereco.swift in Sources */,
				2AD8934E84C73629A2993D5D /* EnderecoFormView.swift in Sources */,
				39056CFEDEEB71C12386A08F /* EnderecoFormViewModel.swift in Sources */,
				EF31F1340ABE11292B6B106F /* EnderecosView.swift in Sources */,
				F2522BFF8E53FA4850EF96EA /* EnderecosViewModel.swift in Sources */,
				784E4D6624D36397323C43D6 /* FavoriteItem.swift in Sources */,
				4729DD0493D7A01961BF177B /* FavoriteRepository.swift in Sources */,
				284AAA02B3344A48B922A5E6 /* FavoritosView.swift in Sources */,
				11F6020AAC745055D10F8BB5 /* FavoritosViewModel.swift in Sources */,
				E7C988064BCBDED5CC70DDFD /* LoginView.swift in Sources */,
				1170D71C062F2DA6A23B4770 /* OnboardingView.swift in Sources */,
				5C02B6B5D8AF6A33A8F44DBA /* OrderRepository.swift in Sources */,
				BAA7F618CC1E9D6FCF8F4C60 /* Pedido.swift in Sources */,
				F199BDDAE0A15D0EEA4829EA /* PedidosView.swift in Sources */,
				EBEE0D676A0A4A4DF028C2A6 /* PedidosViewModel.swift in Sources */,
				FE08C2689DBD18C941A80A13 /* PerfilView.swift in Sources */,
				72FF3469E7321752A30D3633 /* PerfilViewModel.swift in Sources */,
				60C5A44055CDE267507639DC /* PersistenceController.swift in Sources */,
				DB772DE1DD23E68232308778 /* PoliticaPrivacidadeView.swift in Sources */,
				F7E48828D2DD703F23EB4765 /* PrecoFormatter.swift in Sources */,
				ED9F7A7B5BBA9EADC2A6C35B /* ProductRepository.swift in Sources */,
				F436343145FCE59197649FC1 /* Produto.swift in Sources */,
				985626C1176F157240CF5902 /* ProdutoCardView.swift in Sources */,
				130999FE3860AC1F6418D4A3 /* ProdutoSeedData.swift in Sources */,
				620031458DDFFAFD1648C6E3 /* RootTabView.swift in Sources */,
				24AF202A4C0C7C9DCA3A3539 /* SkeletonCardView.swift in Sources */,
				03E51B95984D523D7EAAA61C /* SobreView.swift in Sources */,
				35281D91DDA1F4A04FA15916 /* Spacing.swift in Sources */,
				C0D342A8CCA37B62F4B89323 /* SupabaseAuthService.swift in Sources */,
				E6CA0A8076F1B984DEAE1DB7 /* SupabaseClient.swift in Sources */,
				C256433FAA9727613759974B /* TermosUsoView.swift in Sources */,
				113BD13A351267DC869A5595 /* Typography.swift in Sources */,
				956B4D5B662DC5DD33E47A93 /* Usuario.swift in Sources */,
				B5866E4D7AC13A16322529ED /* ViaCEPService.swift in Sources */,
				17D8C07D04897E69C25B1154 /* VitrineLargoOrdemApp.swift in Sources */,
				9A366959B9C9DC5CCBB412FD /* VitrineView.swift in Sources */,
				89B2DE771893A5C90354985A /* VitrineViewModel.swift in Sources */,
			);
			runOnlyForDeploymentPostprocessing = 0;
		};
/* End PBXSourcesBuildPhase section */

/* Begin PBXTargetDependency section */
		18817D990242364499D3607D /* PBXTargetDependency */ = {
			isa = PBXTargetDependency;
			target = A2453CB1437542E900D80138 /* VitrineLargoOrdem */;
			targetProxy = CC138629B03EA5341F5D817C /* PBXContainerItemProxy */;
		};
		1B996398AE985A8E745E9F7D /* PBXTargetDependency */ = {
			isa = PBXTargetDependency;
			target = A2453CB1437542E900D80138 /* VitrineLargoOrdem */;
			targetProxy = C806677FA1DBBAA9605B053B /* PBXContainerItemProxy */;
		};
/* End PBXTargetDependency section */

/* Begin XCBuildConfiguration section */
		2EA6B0573590487C1F602549 /* Release */ = {
			isa = XCBuildConfiguration;
			buildSettings = {
				BUNDLE_LOADER = "$(TEST_HOST)";
				GENERATE_INFOPLIST_FILE = YES;
				LD_RUNPATH_SEARCH_PATHS = (
					"$(inherited)",
					"@executable_path/Frameworks",
					"@loader_path/Frameworks",
				);
				PRODUCT_BUNDLE_IDENTIFIER = br.pucpr.lucasstopinski.VitrineLargoOrdemTests;
				SDKROOT = iphoneos;
				SWIFT_VERSION = 5.0;
				TARGETED_DEVICE_FAMILY = "1,2";
				TEST_HOST = "$(BUILT_PRODUCTS_DIR)/VitrineLargoOrdem.app/$(BUNDLE_EXECUTABLE_FOLDER_PATH)/VitrineLargoOrdem";
			};
			name = Release;
		};
		38CDA4BFD62DF151BDDF5863 /* Release */ = {
			isa = XCBuildConfiguration;
			buildSettings = {
				ASSETCATALOG_COMPILER_APPICON_NAME = AppIcon;
				CODE_SIGN_IDENTITY = "iPhone Developer";
				DEVELOPMENT_ASSET_PATHS = "\"VitrineLargoOrdem/Preview Content\"";
				ENABLE_PREVIEWS = YES;
				GENERATE_INFOPLIST_FILE = NO;
				INFOPLIST_FILE = VitrineLargoOrdem/Info.plist;
				LD_RUNPATH_SEARCH_PATHS = (
					"$(inherited)",
					"@executable_path/Frameworks",
				);
				PRODUCT_BUNDLE_IDENTIFIER = br.pucpr.lucasstopinski.VitrineLargoOrdem;
				SDKROOT = iphoneos;
				SWIFT_VERSION = 5.0;
				TARGETED_DEVICE_FAMILY = "1,2";
			};
			name = Release;
		};
		49AB4F0BD8DCEB2658B6BC4B /* Debug */ = {
			isa = XCBuildConfiguration;
			buildSettings = {
				ALWAYS_SEARCH_USER_PATHS = NO;
				CLANG_ANALYZER_NONNULL = YES;
				CLANG_ANALYZER_NUMBER_OBJECT_CONVERSION = YES_AGGRESSIVE;
				CLANG_CXX_LANGUAGE_STANDARD = "gnu++14";
				CLANG_CXX_LIBRARY = "libc++";
				CLANG_ENABLE_MODULES = YES;
				CLANG_ENABLE_OBJC_ARC = YES;
				CLANG_ENABLE_OBJC_WEAK = YES;
				CLANG_WARN_BLOCK_CAPTURE_AUTORELEASING = YES;
				CLANG_WARN_BOOL_CONVERSION = YES;
				CLANG_WARN_COMMA = YES;
				CLANG_WARN_CONSTANT_CONVERSION = YES;
				CLANG_WARN_DEPRECATED_OBJC_IMPLEMENTATIONS = YES;
				CLANG_WARN_DIRECT_OBJC_ISA_USAGE = YES_ERROR;
				CLANG_WARN_DOCUMENTATION_COMMENTS = YES;
				CLANG_WARN_EMPTY_BODY = YES;
				CLANG_WARN_ENUM_CONVERSION = YES;
				CLANG_WARN_INFINITE_RECURSION = YES;
				CLANG_WARN_INT_CONVERSION = YES;
				CLANG_WARN_NON_LITERAL_NULL_CONVERSION = YES;
				CLANG_WARN_OBJC_IMPLICIT_RETAIN_SELF = YES;
				CLANG_WARN_OBJC_LITERAL_CONVERSION = YES;
				CLANG_WARN_OBJC_ROOT_CLASS = YES_ERROR;
				CLANG_WARN_QUOTED_INCLUDE_IN_FRAMEWORK_HEADER = YES;
				CLANG_WARN_RANGE_LOOP_ANALYSIS = YES;
				CLANG_WARN_STRICT_PROTOTYPES = YES;
				CLANG_WARN_SUSPICIOUS_MOVE = YES;
				CLANG_WARN_UNGUARDED_AVAILABILITY = YES_AGGRESSIVE;
				CLANG_WARN_UNREACHABLE_CODE = YES;
				CLANG_WARN__DUPLICATE_METHOD_MATCH = YES;
				COPY_PHASE_STRIP = NO;
				DEBUG_INFORMATION_FORMAT = dwarf;
				ENABLE_STRICT_OBJC_MSGSEND = YES;
				ENABLE_TESTABILITY = YES;
				GCC_C_LANGUAGE_STANDARD = gnu11;
				GCC_DYNAMIC_NO_PIC = NO;
				GCC_NO_COMMON_BLOCKS = YES;
				GCC_OPTIMIZATION_LEVEL = 0;
				GCC_PREPROCESSOR_DEFINITIONS = (
					"$(inherited)",
					"DEBUG=1",
				);
				GCC_WARN_64_TO_32_BIT_CONVERSION = YES;
				GCC_WARN_ABOUT_RETURN_TYPE = YES_ERROR;
				GCC_WARN_UNDECLARED_SELECTOR = YES;
				GCC_WARN_UNINITIALIZED_AUTOS = YES_AGGRESSIVE;
				GCC_WARN_UNUSED_FUNCTION = YES;
				GCC_WARN_UNUSED_VARIABLE = YES;
				IPHONEOS_DEPLOYMENT_TARGET = 17.0;
				MTL_ENABLE_DEBUG_INFO = INCLUDE_SOURCE;
				MTL_FAST_MATH = YES;
				ONLY_ACTIVE_ARCH = YES;
				PRODUCT_NAME = "$(TARGET_NAME)";
				SDKROOT = iphoneos;
				SWIFT_ACTIVE_COMPILATION_CONDITIONS = DEBUG;
				SWIFT_OPTIMIZATION_LEVEL = "-Onone";
				SWIFT_VERSION = 5.0;
			};
			name = Debug;
		};
		50554095EF977BA6FC3F7CFB /* Release */ = {
			isa = XCBuildConfiguration;
			buildSettings = {
				ALWAYS_SEARCH_USER_PATHS = NO;
				CLANG_ANALYZER_NONNULL = YES;
				CLANG_ANALYZER_NUMBER_OBJECT_CONVERSION = YES_AGGRESSIVE;
				CLANG_CXX_LANGUAGE_STANDARD = "gnu++14";
				CLANG_CXX_LIBRARY = "libc++";
				CLANG_ENABLE_MODULES = YES;
				CLANG_ENABLE_OBJC_ARC = YES;
				CLANG_ENABLE_OBJC_WEAK = YES;
				CLANG_WARN_BLOCK_CAPTURE_AUTORELEASING = YES;
				CLANG_WARN_BOOL_CONVERSION = YES;
				CLANG_WARN_COMMA = YES;
				CLANG_WARN_CONSTANT_CONVERSION = YES;
				CLANG_WARN_DEPRECATED_OBJC_IMPLEMENTATIONS = YES;
				CLANG_WARN_DIRECT_OBJC_ISA_USAGE = YES_ERROR;
				CLANG_WARN_DOCUMENTATION_COMMENTS = YES;
				CLANG_WARN_EMPTY_BODY = YES;
				CLANG_WARN_ENUM_CONVERSION = YES;
				CLANG_WARN_INFINITE_RECURSION = YES;
				CLANG_WARN_INT_CONVERSION = YES;
				CLANG_WARN_NON_LITERAL_NULL_CONVERSION = YES;
				CLANG_WARN_OBJC_IMPLICIT_RETAIN_SELF = YES;
				CLANG_WARN_OBJC_LITERAL_CONVERSION = YES;
				CLANG_WARN_OBJC_ROOT_CLASS = YES_ERROR;
				CLANG_WARN_QUOTED_INCLUDE_IN_FRAMEWORK_HEADER = YES;
				CLANG_WARN_RANGE_LOOP_ANALYSIS = YES;
				CLANG_WARN_STRICT_PROTOTYPES = YES;
				CLANG_WARN_SUSPICIOUS_MOVE = YES;
				CLANG_WARN_UNGUARDED_AVAILABILITY = YES_AGGRESSIVE;
				CLANG_WARN_UNREACHABLE_CODE = YES;
				CLANG_WARN__DUPLICATE_METHOD_MATCH = YES;
				COPY_PHASE_STRIP = NO;
				DEBUG_INFORMATION_FORMAT = "dwarf-with-dsym";
				ENABLE_NS_ASSERTIONS = NO;
				ENABLE_STRICT_OBJC_MSGSEND = YES;
				GCC_C_LANGUAGE_STANDARD = gnu11;
				GCC_NO_COMMON_BLOCKS = YES;
				GCC_WARN_64_TO_32_BIT_CONVERSION = YES;
				GCC_WARN_ABOUT_RETURN_TYPE = YES_ERROR;
				GCC_WARN_UNDECLARED_SELECTOR = YES;
				GCC_WARN_UNINITIALIZED_AUTOS = YES_AGGRESSIVE;
				GCC_WARN_UNUSED_FUNCTION = YES;
				GCC_WARN_UNUSED_VARIABLE = YES;
				IPHONEOS_DEPLOYMENT_TARGET = 17.0;
				MTL_ENABLE_DEBUG_INFO = NO;
				MTL_FAST_MATH = YES;
				PRODUCT_NAME = "$(TARGET_NAME)";
				SDKROOT = iphoneos;
				SWIFT_COMPILATION_MODE = wholemodule;
				SWIFT_OPTIMIZATION_LEVEL = "-O";
				SWIFT_VERSION = 5.0;
			};
			name = Release;
		};
		5066369E39C09DAF541F550D /* Debug */ = {
			isa = XCBuildConfiguration;
			buildSettings = {
				BUNDLE_LOADER = "$(TEST_HOST)";
				GENERATE_INFOPLIST_FILE = YES;
				LD_RUNPATH_SEARCH_PATHS = (
					"$(inherited)",
					"@executable_path/Frameworks",
					"@loader_path/Frameworks",
				);
				PRODUCT_BUNDLE_IDENTIFIER = br.pucpr.lucasstopinski.VitrineLargoOrdemTests;
				SDKROOT = iphoneos;
				SWIFT_VERSION = 5.0;
				TARGETED_DEVICE_FAMILY = "1,2";
				TEST_HOST = "$(BUILT_PRODUCTS_DIR)/VitrineLargoOrdem.app/$(BUNDLE_EXECUTABLE_FOLDER_PATH)/VitrineLargoOrdem";
			};
			name = Debug;
		};
		6228F4F3AAA2F6337156F03D /* Debug */ = {
			isa = XCBuildConfiguration;
			buildSettings = {
				ASSETCATALOG_COMPILER_APPICON_NAME = AppIcon;
				CODE_SIGN_IDENTITY = "iPhone Developer";
				DEVELOPMENT_ASSET_PATHS = "\"VitrineLargoOrdem/Preview Content\"";
				ENABLE_PREVIEWS = YES;
				GENERATE_INFOPLIST_FILE = NO;
				INFOPLIST_FILE = VitrineLargoOrdem/Info.plist;
				LD_RUNPATH_SEARCH_PATHS = (
					"$(inherited)",
					"@executable_path/Frameworks",
				);
				PRODUCT_BUNDLE_IDENTIFIER = br.pucpr.lucasstopinski.VitrineLargoOrdem;
				SDKROOT = iphoneos;
				SWIFT_VERSION = 5.0;
				TARGETED_DEVICE_FAMILY = "1,2";
			};
			name = Debug;
		};
		6622F0B1AC2A5D13920AAAC3 /* Release */ = {
			isa = XCBuildConfiguration;
			buildSettings = {
				BUNDLE_LOADER = "$(TEST_HOST)";
				GENERATE_INFOPLIST_FILE = YES;
				LD_RUNPATH_SEARCH_PATHS = (
					"$(inherited)",
					"@executable_path/Frameworks",
					"@loader_path/Frameworks",
				);
				PRODUCT_BUNDLE_IDENTIFIER = br.pucpr.lucasstopinski.VitrineLargoOrdemUITests;
				SDKROOT = iphoneos;
				SWIFT_VERSION = 5.0;
				TARGETED_DEVICE_FAMILY = "1,2";
				TEST_TARGET_NAME = VitrineLargoOrdem;
			};
			name = Release;
		};
		8FFF8E78D484518D02DA6F00 /* Debug */ = {
			isa = XCBuildConfiguration;
			buildSettings = {
				BUNDLE_LOADER = "$(TEST_HOST)";
				GENERATE_INFOPLIST_FILE = YES;
				LD_RUNPATH_SEARCH_PATHS = (
					"$(inherited)",
					"@executable_path/Frameworks",
					"@loader_path/Frameworks",
				);
				PRODUCT_BUNDLE_IDENTIFIER = br.pucpr.lucasstopinski.VitrineLargoOrdemUITests;
				SDKROOT = iphoneos;
				SWIFT_VERSION = 5.0;
				TARGETED_DEVICE_FAMILY = "1,2";
				TEST_TARGET_NAME = VitrineLargoOrdem;
			};
			name = Debug;
		};
/* End XCBuildConfiguration section */

/* Begin XCConfigurationList section */
		06F3184B18A00ACCAA415B15 /* Build configuration list for PBXProject "VitrineLargoOrdem" */ = {
			isa = XCConfigurationList;
			buildConfigurations = (
				49AB4F0BD8DCEB2658B6BC4B /* Debug */,
				50554095EF977BA6FC3F7CFB /* Release */,
			);
			defaultConfigurationIsVisible = 0;
			defaultConfigurationName = Debug;
		};
		27AE5CCE9BC7726A9B4ED976 /* Build configuration list for PBXNativeTarget "VitrineLargoOrdemTests" */ = {
			isa = XCConfigurationList;
			buildConfigurations = (
				5066369E39C09DAF541F550D /* Debug */,
				2EA6B0573590487C1F602549 /* Release */,
			);
			defaultConfigurationIsVisible = 0;
			defaultConfigurationName = Debug;
		};
		43A04048CDFE606EA52AF248 /* Build configuration list for PBXNativeTarget "VitrineLargoOrdemUITests" */ = {
			isa = XCConfigurationList;
			buildConfigurations = (
				8FFF8E78D484518D02DA6F00 /* Debug */,
				6622F0B1AC2A5D13920AAAC3 /* Release */,
			);
			defaultConfigurationIsVisible = 0;
			defaultConfigurationName = Debug;
		};
		AE28E96E12A577686367A698 /* Build configuration list for PBXNativeTarget "VitrineLargoOrdem" */ = {
			isa = XCConfigurationList;
			buildConfigurations = (
				6228F4F3AAA2F6337156F03D /* Debug */,
				38CDA4BFD62DF151BDDF5863 /* Release */,
			);
			defaultConfigurationIsVisible = 0;
			defaultConfigurationName = Debug;
		};
/* End XCConfigurationList section */
	};
	rootObject = 6DD03BB4B48199FCA0EC323F /* Project object */;
}
